
Microsoft Visual Studio Solution File, Format Version 12.00
# Visual Studio Version 17
VisualStudioVersion = 17.12.35514.174
MinimumVisualStudioVersion = 10.0.40219.1
Project("{FAE04EC0-301F-11D3-BF4B-00C04F79EFBC}") = "Microservice", "Microservice\Microservice.csproj", "{3558D8B3-A9DB-4120-AA49-0F2B0A514FF6}"
EndProject
Project("{FAE04EC0-301F-11D3-BF4B-00C04F79EFBC}") = "Microservice.Domain", "Microservice.Domain\Microservice.Domain.csproj", "{743F6639-F9AE-46F7-B5B8-9E03F376E99A}"
EndProject
Project("{2150E333-8FDC-42A3-9474-1A3956D46DE8}") = "Customer", "Customer", "{A97C6422-E34C-40ED-AD14-A14A5DD86E76}"
EndProject
Project("{2150E333-8FDC-42A3-9474-1A3956D46DE8}") = "Products", "Products", "{713EA15B-DD57-420D-8F85-C8F5DECC7DB3}"
EndProject
Project("{FAE04EC0-301F-11D3-BF4B-00C04F79EFBC}") = "Product_microservice", "Product_microservice\Product_microservice.csproj", "{1D8556BB-7234-413D-9423-50DB11B5DE38}"
EndProject
Project("{FAE04EC0-301F-11D3-BF4B-00C04F79EFBC}") = "Product_Domain", "Product_Domain\Product_Domain.csproj", "{B939D66D-349E-423C-B940-0E62BE485E4C}"
EndProject
Project("{FAE04EC0-301F-11D3-BF4B-00C04F79EFBC}") = "product_Infrastructure", "product_Infrastructure\product_Infrastructure.csproj", "{E2D80761-53D5-4FAD-993E-2C5806BA962F}"
EndProject
Project("{FAE04EC0-301F-11D3-BF4B-00C04F79EFBC}") = "product_Application", "product_Application\product_Application.csproj", "{2DEA4B45-3BD3-4D1D-8E97-AB86E4E76F28}"
EndProject
Global
	GlobalSection(SolutionConfigurationPlatforms) = preSolution
		Debug|Any CPU = Debug|Any CPU
		Release|Any CPU = Release|Any CPU
	EndGlobalSection
	GlobalSection(ProjectConfigurationPlatforms) = postSolution
		{3558D8B3-A9DB-4120-AA49-0F2B0A514FF6}.Debug|Any CPU.ActiveCfg = Debug|Any CPU
		{3558D8B3-A9DB-4120-AA49-0F2B0A514FF6}.Debug|Any CPU.Build.0 = Debug|Any CPU
		{3558D8B3-A9DB-4120-AA49-0F2B0A514FF6}.Release|Any CPU.ActiveCfg = Release|Any CPU
		{3558D8B3-A9DB-4120-AA49-0F2B0A514FF6}.Release|Any CPU.Build.0 = Release|Any CPU
		{743F6639-F9AE-46F7-B5B8-9E03F376E99A}.Debug|Any CPU.ActiveCfg = Debug|Any CPU
		{743F6639-F9AE-46F7-B5B8-9E03F376E99A}.Debug|Any CPU.Build.0 = Debug|Any CPU
		{743F6639-F9AE-46F7-B5B8-9E03F376E99A}.Release|Any CPU.ActiveCfg = Release|Any CPU
		{743F6639-F9AE-46F7-B5B8-9E03F376E99A}.Release|Any CPU.Build.0 = Release|Any CPU
		{1D8556BB-7234-413D-9423-50DB11B5DE38}.Debug|Any CPU.ActiveCfg = Debug|Any CPU
		{1D8556BB-7234-413D-9423-50DB11B5DE38}.Debug|Any CPU.Build.0 = Debug|Any CPU
		{1D8556BB-7234-413D-9423-50DB11B5DE38}.Release|Any CPU.ActiveCfg = Release|Any CPU
		{1D8556BB-7234-413D-9423-50DB11B5DE38}.Release|Any CPU.Build.0 = Release|Any CPU
		{B939D66D-349E-423C-B940-0E62BE485E4C}.Debug|Any CPU.ActiveCfg = Debug|Any CPU
		{B939D66D-349E-423C-B940-0E62BE485E4C}.Debug|Any CPU.Build.0 = Debug|Any CPU
		{B939D66D-349E-423C-B940-0E62BE485E4C}.Release|Any CPU.ActiveCfg = Release|Any CPU
		{B939D66D-349E-423C-B940-0E62BE485E4C}.Release|Any CPU.Build.0 = Release|Any CPU
		{E2D80761-53D5-4FAD-993E-2C5806BA962F}.Debug|Any CPU.ActiveCfg = Debug|Any CPU
		{E2D80761-53D5-4FAD-993E-2C5806BA962F}.Debug|Any CPU.Build.0 = Debug|Any CPU
		{E2D80761-53D5-4FAD-993E-2C5806BA962F}.Release|Any CPU.ActiveCfg = Release|Any CPU
		{E2D80761-53D5-4FAD-993E-2C5806BA962F}.Release|Any CPU.Build.0 = Release|Any CPU
		{2DEA4B45-3BD3-4D1D-8E97-AB86E4E76F28}.Debug|Any CPU.ActiveCfg = Debug|Any CPU
		{2DEA4B45-3BD3-4D1D-8E97-AB86E4E76F28}.Debug|Any CPU.Build.0 = Debug|Any CPU
		{2DEA4B45-3BD3-4D1D-8E97-AB86E4E76F28}.Release|Any CPU.ActiveCfg = Release|Any CPU
		{2DEA4B45-3BD3-4D1D-8E97-AB86E4E76F28}.Release|Any CPU.Build.0 = Release|Any CPU
	EndGlobalSection
	GlobalSection(SolutionProperties) = preSolution
		HideSolutionNode = FALSE
	EndGlobalSection
	GlobalSection(NestedProjects) = preSolution
		{3558D8B3-A9DB-4120-AA49-0F2B0A514FF6} = {A97C6422-E34C-40ED-AD14-A14A5DD86E76}
		{743F6639-F9AE-46F7-B5B8-9E03F376E99A} = {A97C6422-E34C-40ED-AD14-A14A5DD86E76}
		{1D8556BB-7234-413D-9423-50DB11B5DE38} = {713EA15B-DD57-420D-8F85-C8F5DECC7DB3}
		{B939D66D-349E-423C-B940-0E62BE485E4C} = {713EA15B-DD57-420D-8F85-C8F5DECC7DB3}
		{E2D80761-53D5-4FAD-993E-2C5806BA962F} = {713EA15B-DD57-420D-8F85-C8F5DECC7DB3}
		{2DEA4B45-3BD3-4D1D-8E97-AB86E4E76F28} = {713EA15B-DD57-420D-8F85-C8F5DECC7DB3}
	EndGlobalSection
EndGlobal
